
Microsoft Visual Studio Solution File, Format Version 12.00
# Visual Studio Version 17
VisualStudioVersion = 17.8.34330.188
MinimumVisualStudioVersion = 10.0.40219.1
Project("{9A19103F-16F7-4668-BE54-9A1E7A4F7556}") = "Desafio Nuevo", "Desafio Nuevo.csproj", "{BAA18877-F814-4FD8-810F-7DD8F153B9A3}"
EndProject
Project("{9A19103F-16F7-4668-BE54-9A1E7A4F7556}") = "SistemaGestionEntities", "..\SistemaGestionEntities\SistemaGestionEntities.csproj", "{610AD652-F2F0-44D1-8132-4D41DDD1EB6F}"
EndProject
Project("{FAE04EC0-301F-11D3-BF4B-00C04F79EFBC}") = "SistemaGestionBussines", "..\SistemaGestionBussines\SistemaGestionBussines.csproj", "{4AD62145-278F-4770-8B81-6CB99F924BAF}"
EndProject
Project("{FAE04EC0-301F-11D3-BF4B-00C04F79EFBC}") = "SistemaGestionData", "..\SistemaGestionData\SistemaGestionData.csproj", "{4CAC8CE4-3CC5-488E-BF6B-89B7111720AF}"
EndProject
Project("{FAE04EC0-301F-11D3-BF4B-00C04F79EFBC}") = "SistemaGestionUI", "..\SistemaGestionUI\SistemaGestionUI.csproj", "{BB5294E3-54C9-46D8-88A0-6873F40967A9}"
EndProject
Global
	GlobalSection(SolutionConfigurationPlatforms) = preSolution
		Debug|Any CPU = Debug|Any CPU
		Release|Any CPU = Release|Any CPU
	EndGlobalSection
	GlobalSection(ProjectConfigurationPlatforms) = postSolution
		{BAA18877-F814-4FD8-810F-7DD8F153B9A3}.Debug|Any CPU.ActiveCfg = Debug|Any CPU
		{BAA18877-F814-4FD8-810F-7DD8F153B9A3}.Debug|Any CPU.Build.0 = Debug|Any CPU
		{BAA18877-F814-4FD8-810F-7DD8F153B9A3}.Release|Any CPU.ActiveCfg = Release|Any CPU
		{BAA18877-F814-4FD8-810F-7DD8F153B9A3}.Release|Any CPU.Build.0 = Release|Any CPU
		{610AD652-F2F0-44D1-8132-4D41DDD1EB6F}.Debug|Any CPU.ActiveCfg = Debug|Any CPU
		{610AD652-F2F0-44D1-8132-4D41DDD1EB6F}.Debug|Any CPU.Build.0 = Debug|Any CPU
		{610AD652-F2F0-44D1-8132-4D41DDD1EB6F}.Release|Any CPU.ActiveCfg = Release|Any CPU
		{610AD652-F2F0-44D1-8132-4D41DDD1EB6F}.Release|Any CPU.Build.0 = Release|Any CPU
		{4AD62145-278F-4770-8B81-6CB99F924BAF}.Debug|Any CPU.ActiveCfg = Debug|Any CPU
		{4AD62145-278F-4770-8B81-6CB99F924BAF}.Debug|Any CPU.Build.0 = Debug|Any CPU
		{4AD62145-278F-4770-8B81-6CB99F924BAF}.Release|Any CPU.ActiveCfg = Release|Any CPU
		{4AD62145-278F-4770-8B81-6CB99F924BAF}.Release|Any CPU.Build.0 = Release|Any CPU
		{4CAC8CE4-3CC5-488E-BF6B-89B7111720AF}.Debug|Any CPU.ActiveCfg = Debug|Any CPU
		{4CAC8CE4-3CC5-488E-BF6B-89B7111720AF}.Debug|Any CPU.Build.0 = Debug|Any CPU
		{4CAC8CE4-3CC5-488E-BF6B-89B7111720AF}.Release|Any CPU.ActiveCfg = Release|Any CPU
		{4CAC8CE4-3CC5-488E-BF6B-89B7111720AF}.Release|Any CPU.Build.0 = Release|Any CPU
		{BB5294E3-54C9-46D8-88A0-6873F40967A9}.Debug|Any CPU.ActiveCfg = Debug|Any CPU
		{BB5294E3-54C9-46D8-88A0-6873F40967A9}.Debug|Any CPU.Build.0 = Debug|Any CPU
		{BB5294E3-54C9-46D8-88A0-6873F40967A9}.Release|Any CPU.ActiveCfg = Release|Any CPU
		{BB5294E3-54C9-46D8-88A0-6873F40967A9}.Release|Any CPU.Build.0 = Release|Any CPU
	EndGlobalSection
	GlobalSection(SolutionProperties) = preSolution
		HideSolutionNode = FALSE
	EndGlobalSection
	GlobalSection(ExtensibilityGlobals) = postSolution
		SolutionGuid = {EB399F40-4D1C-4755-A9EF-89CCF49AC5DA}
	EndGlobalSection
EndGlobal
